
Microsoft Visual Studio Solution File, Format Version 12.00
# Visual Studio Version 16
VisualStudioVersion = 16.0.29306.81
MinimumVisualStudioVersion = 10.0.40219.1
Project("{FAE04EC0-301F-11D3-BF4B-00C04F79EFBC}") = "Linq5", "Linq5\Linq5.csproj", "{8A9971F3-2CC1-4099-853E-F83A8C0574F7}"
EndProject
Global
	GlobalSection(SolutionConfigurationPlatforms) = preSolution
		Debug|Any CPU = Debug|Any CPU
		Release|Any CPU = Release|Any CPU
	EndGlobalSection
	GlobalSection(ProjectConfigurationPlatforms) = postSolution
		{8A9971F3-2CC1-4099-853E-F83A8C0574F7}.Debug|Any CPU.ActiveCfg = Debug|Any CPU
		{8A9971F3-2CC1-4099-853E-F83A8C0574F7}.Debug|Any CPU.Build.0 = Debug|Any CPU
		{8A9971F3-2CC1-4099-853E-F83A8C0574F7}.Release|Any CPU.ActiveCfg = Release|Any CPU
		{8A9971F3-2CC1-4099-853E-F83A8C0574F7}.Release|Any CPU.Build.0 = Release|Any CPU
	EndGlobalSection
	GlobalSection(SolutionProperties) = preSolution
		HideSolutionNode = FALSE
	EndGlobalSection
	GlobalSection(ExtensibilityGlobals) = postSolution
		SolutionGuid = {2337CF5A-BDBF-48AE-BBE7-B971F162BD43}
	EndGlobalSection
EndGlobal
